// !$*UTF8*$!
{
	archiveVersion = 1;
	classes = {
	};
	objectVersion = 77;
	objects = {

/* Begin PBXContainerItemProxy section */
		A0A267D02CA8898C00FCC7DE /* PBXContainerItemProxy */ = {
			isa = PBXContainerItemProxy;
			containerPortal = A0A267B72CA8898A00FCC7DE /* Project object */;
			proxyType = 1;
			remoteGlobalIDString = A0A267BE2CA8898A00FCC7DE;
			remoteInfo = AidAlert;
		};
		A0A267DA2CA8898C00FCC7DE /* PBXContainerItemProxy */ = {
			isa = PBXContainerItemProxy;
			containerPortal = A0A267B72CA8898A00FCC7DE /* Project object */;
			proxyType = 1;
			remoteGlobalIDString = A0A267BE2CA8898A00FCC7DE;
			remoteInfo = AidAlert;
		};
/* End PBXContainerItemProxy section */

/* Begin PBXFileReference section */
		A0A267BF2CA8898A00FCC7DE /* AidAlert.app */ = {isa = PBXFileReference; explicitFileType = wrapper.application; includeInIndex = 0; path = AidAlert.app; sourceTree = BUILT_PRODUCTS_DIR; };
		A0A267CF2CA8898C00FCC7DE /* AidAlertTests.xctest */ = {isa = PBXFileReference; explicitFileType = wrapper.cfbundle; includeInIndex = 0; path = AidAlertTests.xctest; sourceTree = BUILT_PRODUCTS_DIR; };
		A0A267D92CA8898C00FCC7DE /* AidAlertUITests.xctest */ = {isa = PBXFileReference; explicitFileType = wrapper.cfbundle; includeInIndex = 0; path = AidAlertUITests.xctest; sourceTree = BUILT_PRODUCTS_DIR; };
/* End PBXFileReference section */

/* Begin PBXFileSystemSynchronizedRootGroup section */
		A0A267C12CA8898A00FCC7DE /* AidAlert */ = {
			isa = PBXFileSystemSynchronizedRootGroup;
			path = AidAlert;
			sourceTree = "<group>";
		};
		A0A267D22CA8898C00FCC7DE /* AidAlertTests */ = {
			isa = PBXFileSystemSynchronizedRootGroup;
			path = AidAlertTests;
			sourceTree = "<group>";
		};
		A0A267DC2CA8898C00FCC7DE /* AidAlertUITests */ = {
			isa = PBXFileSystemSynchronizedRootGroup;
			path = AidAlertUITests;
			sourceTree = "<group>";
		};
/* End PBXFileSystemSynchronizedRootGroup section */

/* Begin PBXFrameworksBuildPhase section */
		A0A267BC2CA8898A00FCC7DE /* Frameworks */ = {
			isa = PBXFrameworksBuildPhase;
			buildActionMask = 2147483647;
			files = (
			);
			runOnlyForDeploymentPostprocessing = 0;
		};
		A0A267CC2CA8898C00FCC7DE /* Frameworks */ = {
			isa = PBXFrameworksBuildPhase;
			buildActionMask = 2147483647;
			files = (
			);
			runOnlyForDeploymentPostprocessing = 0;
		};
		A0A267D62CA8898C00FCC7DE /* Frameworks */ = {
			isa = PBXFrameworksBuildPhase;
			buildActionMask = 2147483647;
			files = (
			);
			runOnlyForDeploymentPostprocessing = 0;
		};
/* End PBXFrameworksBuildPhase section */

/* Begin PBXGroup section */
		A0A267B62CA8898A00FCC7DE = {
			isa = PBXGroup;
			children = (
				A0A267C12CA8898A00FCC7DE /* AidAlert */,
				A0A267D22CA8898C00FCC7DE /* AidAlertTests */,
				A0A267DC2CA8898C00FCC7DE /* AidAlertUITests */,
				A0A267C02CA8898A00FCC7DE /* Products */,
			);
			sourceTree = "<group>";
		};
		A0A267C02CA8898A00FCC7DE /* Products */ = {
			isa = PBXGroup;
			children = (
				A0A267BF2CA8898A00FCC7DE /* AidAlert.app */,
				A0A267CF2CA8898C00FCC7DE /* AidAlertTests.xctest */,
				A0A267D92CA8898C00FCC7DE /* AidAlertUITests.xctest */,
			);
			name = Products;
			sourceTree = "<group>";
		};
/* End PBXGroup section */

/* Begin PBXNativeTarget section */
		A0A267BE2CA8898A00FCC7DE /* AidAlert */ = {
			isa = PBXNativeTarget;
			buildConfigurationList = A0A267E32CA8898C00FCC7DE /* Build configuration list for PBXNativeTarget "AidAlert" */;
			buildPhases = (
				A0A267BB2CA8898A00FCC7DE /* Sources */,
				A0A267BC2CA8898A00FCC7DE /* Frameworks */,
				A0A267BD2CA8898A00FCC7DE /* Resources */,
			);
			buildRules = (
			);
			dependencies = (
			);
			fileSystemSynchronizedGroups = (
				A0A267C12CA8898A00FCC7DE /* AidAlert */,
			);
			name = AidAlert;
			packageProductDependencies = (
			);
			productName = AidAlert;
			productReference = A0A267BF2CA8898A00FCC7DE /* AidAlert.app */;
			productType = "com.apple.product-type.application";
		};
		A0A267CE2CA8898C00FCC7DE /* AidAlertTests */ = {
			isa = PBXNativeTarget;
			buildConfigurationList = A0A267E62CA8898C00FCC7DE /* Build configuration list for PBXNativeTarget "AidAlertTests" */;
			buildPhases = (
				A0A267CB2CA8898C00FCC7DE /* Sources */,
				A0A267CC2CA8898C00FCC7DE /* Frameworks */,
				A0A267CD2CA8898C00FCC7DE /* Resources */,
			);
			buildRules = (
			);
			dependencies = (
				A0A267D12CA8898C00FCC7DE /* PBXTargetDependency */,
			);
			fileSystemSynchronizedGroups = (
				A0A267D22CA8898C00FCC7DE /* AidAlertTests */,
			);
			name = AidAlertTests;
			packageProductDependencies = (
			);
			productName = AidAlertTests;
			productReference = A0A267CF2CA8898C00FCC7DE /* AidAlertTests.xctest */;
			productType = "com.apple.product-type.bundle.unit-test";
		};
		A0A267D82CA8898C00FCC7DE /* AidAlertUITests */ = {
			isa = PBXNativeTarget;
			buildConfigurationList = A0A267E92CA8898C00FCC7DE /* Build configuration list for PBXNativeTarget "AidAlertUITests" */;
			buildPhases = (
				A0A267D52CA8898C00FCC7DE /* Sources */,
				A0A267D62CA8898C00FCC7DE /* Frameworks */,
				A0A267D72CA8898C00FCC7DE /* Resources */,
			);
			buildRules = (
			);
			dependencies = (
				A0A267DB2CA8898C00FCC7DE /* PBXTargetDependency */,
			);
			fileSystemSynchronizedGroups = (
				A0A267DC2CA8898C00FCC7DE /* AidAlertUITests */,
			);
			name = AidAlertUITests;
			packageProductDependencies = (
			);
			productName = AidAlertUITests;
			productReference = A0A267D92CA8898C00FCC7DE /* AidAlertUITests.xctest */;
			productType = "com.apple.product-type.bundle.ui-testing";
		};
/* End PBXNativeTarget section */

/* Begin PBXProject section */
		A0A267B72CA8898A00FCC7DE /* Project object */ = {
			isa = PBXProject;
			attributes = {
				BuildIndependentTargetsInParallel = 1;
				LastSwiftUpdateCheck = 1600;
				LastUpgradeCheck = 1600;
				TargetAttributes = {
					A0A267BE2CA8898A00FCC7DE = {
						CreatedOnToolsVersion = 16.0;
					};
					A0A267CE2CA8898C00FCC7DE = {
						CreatedOnToolsVersion = 16.0;
						TestTargetID = A0A267BE2CA8898A00FCC7DE;
					};
					A0A267D82CA8898C00FCC7DE = {
						CreatedOnToolsVersion = 16.0;
						TestTargetID = A0A267BE2CA8898A00FCC7DE;
					};
				};
			};
			buildConfigurationList = A0A267BA2CA8898A00FCC7DE /* Build configuration list for PBXProject "AidAlert" */;
			developmentRegion = en;
			hasScannedForEncodings = 0;
			knownRegions = (
				en,
				Base,
			);
			mainGroup = A0A267B62CA8898A00FCC7DE;
			minimizedProjectReferenceProxies = 1;
			preferredProjectObjectVersion = 77;
			productRefGroup = A0A267C02CA8898A00FCC7DE /* Products */;
			projectDirPath = "";
			projectRoot = "";
			targets = (
				A0A267BE2CA8898A00FCC7DE /* AidAlert */,
				A0A267CE2CA8898C00FCC7DE /* AidAlertTests */,
				A0A267D82CA8898C00FCC7DE /* AidAlertUITests */,
			);
		};
/* End PBXProject section */

/* Begin PBXResourcesBuildPhase section */
		A0A267BD2CA8898A00FCC7DE /* Resources */ = {
			isa = PBXResourcesBuildPhase;
			buildActionMask = 2147483647;
			files = (
			);
			runOnlyForDeploymentPostprocessing = 0;
		};
		A0A267CD2CA8898C00FCC7DE /* Resources */ = {
			isa = PBXResourcesBuildPhase;
			buildActionMask = 2147483647;
			files = (
			);
			runOnlyForDeploymentPostprocessing = 0;
		};
		A0A267D72CA8898C00FCC7DE /* Resources */ = {
			isa = PBXResourcesBuildPhase;
			buildActionMask = 2147483647;
			files = (
			);
			runOnlyForDeploymentPostprocessing = 0;
		};
/* End PBXResourcesBuildPhase section */

/* Begin PBXSourcesBuildPhase section */
		A0A267BB2CA8898A00FCC7DE /* Sources */ = {
			isa = PBXSourcesBuildPhase;
			buildActionMask = 2147483647;
			files = (
			);
			runOnlyForDeploymentPostprocessing = 0;
		};
		A0A267CB2CA8898C00FCC7DE /* Sources */ = {
			isa = PBXSourcesBuildPhase;
			buildActionMask = 2147483647;
			files = (
			);
			runOnlyForDeploymentPostprocessing = 0;
		};
		A0A267D52CA8898C00FCC7DE /* Sources */ = {
			isa = PBXSourcesBuildPhase;
			buildActionMask = 2147483647;
			files = (
			);
			runOnlyForDeploymentPostprocessing = 0;
		};
/* End PBXSourcesBuildPhase section */

/* Begin PBXTargetDependency section */
		A0A267D12CA8898C00FCC7DE /* PBXTargetDependency */ = {
			isa = PBXTargetDependency;
			target = A0A267BE2CA8898A00FCC7DE /* AidAlert */;
			targetProxy = A0A267D02CA8898C00FCC7DE /* PBXContainerItemProxy */;
		};
		A0A267DB2CA8898C00FCC7DE /* PBXTargetDependency */ = {
			isa = PBXTargetDependency;
			target = A0A267BE2CA8898A00FCC7DE /* AidAlert */;
			targetProxy = A0A267DA2CA8898C00FCC7DE /* PBXContainerItemProxy */;
		};
/* End PBXTargetDependency section */

/* Begin XCBuildConfiguration section */
		A0A267E12CA8898C00FCC7DE /* Debug */ = {
			isa = XCBuildConfiguration;
			buildSettings = {
				ALWAYS_SEARCH_USER_PATHS = NO;
				ASSETCATALOG_COMPILER_GENERATE_SWIFT_ASSET_SYMBOL_EXTENSIONS = YES;
				CLANG_ANALYZER_NONNULL = YES;
				CLANG_ANALYZER_NUMBER_OBJECT_CONVERSION = YES_AGGRESSIVE;
				CLANG_CXX_LANGUAGE_STANDARD = "gnu++20";
				CLANG_ENABLE_MODULES = YES;
				CLANG_ENABLE_OBJC_ARC = YES;
				CLANG_ENABLE_OBJC_WEAK = YES;
				CLANG_WARN_BLOCK_CAPTURE_AUTORELEASING = YES;
				CLANG_WARN_BOOL_CONVERSION = YES;
				CLANG_WARN_COMMA = YES;
				CLANG_WARN_CONSTANT_CONVERSION = YES;
				CLANG_WARN_DEPRECATED_OBJC_IMPLEMENTATIONS = YES;
				CLANG_WARN_DIRECT_OBJC_ISA_USAGE = YES_ERROR;
				CLANG_WARN_DOCUMENTATION_COMMENTS = YES;
				CLANG_WARN_EMPTY_BODY = YES;
				CLANG_WARN_ENUM_CONVERSION = YES;
				CLANG_WARN_INFINITE_RECURSION = YES;
				CLANG_WARN_INT_CONVERSION = YES;
				CLANG_WARN_NON_LITERAL_NULL_CONVERSION = YES;
				CLANG_WARN_OBJC_IMPLICIT_RETAIN_SELF = YES;
				CLANG_WARN_OBJC_LITERAL_CONVERSION = YES;
				CLANG_WARN_OBJC_ROOT_CLASS = YES_ERROR;
				CLANG_WARN_QUOTED_INCLUDE_IN_FRAMEWORK_HEADER = YES;
				CLANG_WARN_RANGE_LOOP_ANALYSIS = YES;
				CLANG_WARN_STRICT_PROTOTYPES = YES;
				CLANG_WARN_SUSPICIOUS_MOVE = YES;
				CLANG_WARN_UNGUARDED_AVAILABILITY = YES_AGGRESSIVE;
				CLANG_WARN_UNREACHABLE_CODE = YES;
				CLANG_WARN__DUPLICATE_METHOD_MATCH = YES;
				COPY_PHASE_STRIP = NO;
				DEBUG_INFORMATION_FORMAT = dwarf;
				ENABLE_STRICT_OBJC_MSGSEND = YES;
				ENABLE_TESTABILITY = YES;
				ENABLE_USER_SCRIPT_SANDBOXING = YES;
				GCC_C_LANGUAGE_STANDARD = gnu17;
				GCC_DYNAMIC_NO_PIC = NO;
				GCC_NO_COMMON_BLOCKS = YES;
				GCC_OPTIMIZATION_LEVEL = 0;
				GCC_PREPROCESSOR_DEFINITIONS = (
					"DEBUG=1",
					"$(inherited)",
				);
				GCC_WARN_64_TO_32_BIT_CONVERSION = YES;
				GCC_WARN_ABOUT_RETURN_TYPE = YES_ERROR;
				GCC_WARN_UNDECLARED_SELECTOR = YES;
				GCC_WARN_UNINITIALIZED_AUTOS = YES_AGGRESSIVE;
				GCC_WARN_UNUSED_FUNCTION = YES;
				GCC_WARN_UNUSED_VARIABLE = YES;
				IPHONEOS_DEPLOYMENT_TARGET = 18.0;
				LOCALIZATION_PREFERS_STRING_CATALOGS = YES;
				MTL_ENABLE_DEBUG_INFO = INCLUDE_SOURCE;
				MTL_FAST_MATH = YES;
				ONLY_ACTIVE_ARCH = YES;
				SDKROOT = iphoneos;
				SWIFT_ACTIVE_COMPILATION_CONDITIONS = "DEBUG $(inherited)";
				SWIFT_OPTIMIZATION_LEVEL = "-Onone";
			};
			name = Debug;
		};
		A0A267E22CA8898C00FCC7DE /* Release */ = {
			isa = XCBuildConfiguration;
			buildSettings = {
				ALWAYS_SEARCH_USER_PATHS = NO;
				ASSETCATALOG_COMPILER_GENERATE_SWIFT_ASSET_SYMBOL_EXTENSIONS = YES;
				CLANG_ANALYZER_NONNULL = YES;
				CLANG_ANALYZER_NUMBER_OBJECT_CONVERSION = YES_AGGRESSIVE;
				CLANG_CXX_LANGUAGE_STANDARD = "gnu++20";
				CLANG_ENABLE_MODULES = YES;
				CLANG_ENABLE_OBJC_ARC = YES;
				CLANG_ENABLE_OBJC_WEAK = YES;
				CLANG_WARN_BLOCK_CAPTURE_AUTORELEASING = YES;
				CLANG_WARN_BOOL_CONVERSION = YES;
				CLANG_WARN_COMMA = YES;
				CLANG_WARN_CONSTANT_CONVERSION = YES;
				CLANG_WARN_DEPRECATED_OBJC_IMPLEMENTATIONS = YES;
				CLANG_WARN_DIRECT_OBJC_ISA_USAGE = YES_ERROR;
				CLANG_WARN_DOCUMENTATION_COMMENTS = YES;
				CLANG_WARN_EMPTY_BODY = YES;
				CLANG_WARN_ENUM_CONVERSION = YES;
				CLANG_WARN_INFINITE_RECURSION = YES;
				CLANG_WARN_INT_CONVERSION = YES;
				CLANG_WARN_NON_LITERAL_NULL_CONVERSION = YES;
				CLANG_WARN_OBJC_IMPLICIT_RETAIN_SELF = YES;
				CLANG_WARN_OBJC_LITERAL_CONVERSION = YES;
				CLANG_WARN_OBJC_ROOT_CLASS = YES_ERROR;
				CLANG_WARN_QUOTED_INCLUDE_IN_FRAMEWORK_HEADER = YES;
				CLANG_WARN_RANGE_LOOP_ANALYSIS = YES;
				CLANG_WARN_STRICT_PROTOTYPES = YES;
				CLANG_WARN_SUSPICIOUS_MOVE = YES;
				CLANG_WARN_UNGUARDED_AVAILABILITY = YES_AGGRESSIVE;
				CLANG_WARN_UNREACHABLE_CODE = YES;
				CLANG_WARN__DUPLICATE_METHOD_MATCH = YES;
				COPY_PHASE_STRIP = NO;
				DEBUG_INFORMATION_FORMAT = "dwarf-with-dsym";
				ENABLE_NS_ASSERTIONS = NO;
				ENABLE_STRICT_OBJC_MSGSEND = YES;
				ENABLE_USER_SCRIPT_SANDBOXING = YES;
				GCC_C_LANGUAGE_STANDARD = gnu17;
				GCC_NO_COMMON_BLOCKS = YES;
				GCC_WARN_64_TO_32_BIT_CONVERSION = YES;
				GCC_WARN_ABOUT_RETURN_TYPE = YES_ERROR;
				GCC_WARN_UNDECLARED_SELECTOR = YES;
				GCC_WARN_UNINITIALIZED_AUTOS = YES_AGGRESSIVE;
				GCC_WARN_UNUSED_FUNCTION = YES;
				GCC_WARN_UNUSED_VARIABLE = YES;
				IPHONEOS_DEPLOYMENT_TARGET = 18.0;
				LOCALIZATION_PREFERS_STRING_CATALOGS = YES;
				MTL_ENABLE_DEBUG_INFO = NO;
				MTL_FAST_MATH = YES;
				SDKROOT = iphoneos;
				SWIFT_COMPILATION_MODE = wholemodule;
				VALIDATE_PRODUCT = YES;
			};
			name = Release;
		};
		A0A267E42CA8898C00FCC7DE /* Debug */ = {
			isa = XCBuildConfiguration;
			buildSettings = {
				ASSETCATALOG_COMPILER_APPICON_NAME = AppIcon;
				ASSETCATALOG_COMPILER_GLOBAL_ACCENT_COLOR_NAME = AccentColor;
				CODE_SIGN_STYLE = Automatic;
				CURRENT_PROJECT_VERSION = 1;
				DEVELOPMENT_ASSET_PATHS = "\"AidAlert/Preview Content\"";
				DEVELOPMENT_TEAM = 5FDW2Y29MU;
				ENABLE_PREVIEWS = YES;
				GENERATE_INFOPLIST_FILE = YES;
				INFOPLIST_KEY_NSLocationAlwaysAndWhenInUseUsageDescription = "We need your location to show nearby shelters.";
				INFOPLIST_KEY_NSLocationWhenInUseUsageDescription = "We need your location to show nearby shelters.";
				INFOPLIST_KEY_UIApplicationSceneManifest_Generation = YES;
				INFOPLIST_KEY_UIApplicationSupportsIndirectInputEvents = YES;
				INFOPLIST_KEY_UILaunchScreen_Generation = YES;
				INFOPLIST_KEY_UISupportedInterfaceOrientations_iPad = "UIInterfaceOrientationPortrait UIInterfaceOrientationPortraitUpsideDown UIInterfaceOrientationLandscapeLeft UIInterfaceOrientationLandscapeRight";
				INFOPLIST_KEY_UISupportedInterfaceOrientations_iPhone = "UIInterfaceOrientationPortrait UIInterfaceOrientationLandscapeLeft UIInterfaceOrientationLandscapeRight";
				LD_RUNPATH_SEARCH_PATHS = (
					"$(inherited)",
					"@executable_path/Frameworks",
				);
				MARKETING_VERSION = 1.0;
				PRODUCT_BUNDLE_IDENTIFIER = com.melvinsantos.AidAlert;
				PRODUCT_NAME = "$(TARGET_NAME)";
				SWIFT_EMIT_LOC_STRINGS = YES;
				SWIFT_VERSION = 5.0;
				TARGETED_DEVICE_FAMILY = "1,2";
			};
			name = Debug;
		};
		A0A267E52CA8898C00FCC7DE /* Release */ = {
			isa = XCBuildConfiguration;
			buildSettings = {
				ASSETCATALOG_COMPILER_APPICON_NAME = AppIcon;
				ASSETCATALOG_COMPILER_GLOBAL_ACCENT_COLOR_NAME = AccentColor;
				CODE_SIGN_STYLE = Automatic;
				CURRENT_PROJECT_VERSION = 1;
				DEVELOPMENT_ASSET_PATHS = "\"AidAlert/Preview Content\"";
				DEVELOPMENT_TEAM = 5FDW2Y29MU;
				ENABLE_PREVIEWS = YES;
				GENERATE_INFOPLIST_FILE = YES;
				INFOPLIST_KEY_NSLocationAlwaysAndWhenInUseUsageDescription = "We need your location to show nearby shelters.";
				INFOPLIST_KEY_NSLocationWhenInUseUsageDescription = "We need your location to show nearby shelters.";
				INFOPLIST_KEY_UIApplicationSceneManifest_Generation = YES;
				INFOPLIST_KEY_UIApplicationSupportsIndirectInputEvents = YES;
				INFOPLIST_KEY_UILaunchScreen_Generation = YES;
				INFOPLIST_KEY_UISupportedInterfaceOrientations_iPad = "UIInterfaceOrientationPortrait UIInterfaceOrientationPortraitUpsideDown UIInterfaceOrientationLandscapeLeft UIInterfaceOrientationLandscapeRight";
				INFOPLIST_KEY_UISupportedInterfaceOrientations_iPhone = "UIInterfaceOrientationPortrait UIInterfaceOrientationLandscapeLeft UIInterfaceOrientationLandscapeRight";
				LD_RUNPATH_SEARCH_PATHS = (
					"$(inherited)",
					"@executable_path/Frameworks",
				);
				MARKETING_VERSION = 1.0;
				PRODUCT_BUNDLE_IDENTIFIER = com.melvinsantos.AidAlert;
				PRODUCT_NAME = "$(TARGET_NAME)";
				SWIFT_EMIT_LOC_STRINGS = YES;
				SWIFT_VERSION = 5.0;
				TARGETED_DEVICE_FAMILY = "1,2";
			};
			name = Release;
		};
		A0A267E72CA8898C00FCC7DE /* Debug */ = {
			isa = XCBuildConfiguration;
			buildSettings = {
				BUNDLE_LOADER = "$(TEST_HOST)";
				CODE_SIGN_STYLE = Automatic;
				CURRENT_PROJECT_VERSION = 1;
				DEVELOPMENT_TEAM = 5FDW2Y29MU;
				GENERATE_INFOPLIST_FILE = YES;
				IPHONEOS_DEPLOYMENT_TARGET = 18.0;
				MARKETING_VERSION = 1.0;
				PRODUCT_BUNDLE_IDENTIFIER = com.melvinsantos.AidAlertTests;
				PRODUCT_NAME = "$(TARGET_NAME)";
				SWIFT_EMIT_LOC_STRINGS = NO;
				SWIFT_VERSION = 5.0;
				TARGETED_DEVICE_FAMILY = "1,2";
				TEST_HOST = "$(BUILT_PRODUCTS_DIR)/AidAlert.app/$(BUNDLE_EXECUTABLE_FOLDER_PATH)/AidAlert";
			};
			name = Debug;
		};
		A0A267E82CA8898C00FCC7DE /* Release */ = {
			isa = XCBuildConfiguration;
			buildSettings = {
				BUNDLE_LOADER = "$(TEST_HOST)";
				CODE_SIGN_STYLE = Automatic;
				CURRENT_PROJECT_VERSION = 1;
				DEVELOPMENT_TEAM = 5FDW2Y29MU;
				GENERATE_INFOPLIST_FILE = YES;
				IPHONEOS_DEPLOYMENT_TARGET = 18.0;
				MARKETING_VERSION = 1.0;
				PRODUCT_BUNDLE_IDENTIFIER = com.melvinsantos.AidAlertTests;
				PRODUCT_NAME = "$(TARGET_NAME)";
				SWIFT_EMIT_LOC_STRINGS = NO;
				SWIFT_VERSION = 5.0;
				TARGETED_DEVICE_FAMILY = "1,2";
				TEST_HOST = "$(BUILT_PRODUCTS_DIR)/AidAlert.app/$(BUNDLE_EXECUTABLE_FOLDER_PATH)/AidAlert";
			};
			name = Release;
		};
		A0A267EA2CA8898C00FCC7DE /* Debug */ = {
			isa = XCBuildConfiguration;
			buildSettings = {
				CODE_SIGN_STYLE = Automatic;
				CURRENT_PROJECT_VERSION = 1;
				DEVELOPMENT_TEAM = 5FDW2Y29MU;
				GENERATE_INFOPLIST_FILE = YES;
				MARKETING_VERSION = 1.0;
				PRODUCT_BUNDLE_IDENTIFIER = com.melvinsantos.AidAlertUITests;
				PRODUCT_NAME = "$(TARGET_NAME)";
				SWIFT_EMIT_LOC_STRINGS = NO;
				SWIFT_VERSION = 5.0;
				TARGETED_DEVICE_FAMILY = "1,2";
				TEST_TARGET_NAME = AidAlert;
			};
			name = Debug;
		};
		A0A267EB2CA8898C00FCC7DE /* Release */ = {
			isa = XCBuildConfiguration;
			buildSettings = {
				CODE_SIGN_STYLE = Automatic;
				CURRENT_PROJECT_VERSION = 1;
				DEVELOPMENT_TEAM = 5FDW2Y29MU;
				GENERATE_INFOPLIST_FILE = YES;
				MARKETING_VERSION = 1.0;
				PRODUCT_BUNDLE_IDENTIFIER = com.melvinsantos.AidAlertUITests;
				PRODUCT_NAME = "$(TARGET_NAME)";
				SWIFT_EMIT_LOC_STRINGS = NO;
				SWIFT_VERSION = 5.0;
				TARGETED_DEVICE_FAMILY = "1,2";
				TEST_TARGET_NAME = AidAlert;
			};
			name = Release;
		};
/* End XCBuildConfiguration section */

/* Begin XCConfigurationList section */
		A0A267BA2CA8898A00FCC7DE /* Build configuration list for PBXProject "AidAlert" */ = {
			isa = XCConfigurationList;
			buildConfigurations = (
				A0A267E12CA8898C00FCC7DE /* Debug */,
				A0A267E22CA8898C00FCC7DE /* Release */,
			);
			defaultConfigurationIsVisible = 0;
			defaultConfigurationName = Release;
		};
		A0A267E32CA8898C00FCC7DE /* Build configuration list for PBXNativeTarget "AidAlert" */ = {
			isa = XCConfigurationList;
			buildConfigurations = (
				A0A267E42CA8898C00FCC7DE /* Debug */,
				A0A267E52CA8898C00FCC7DE /* Release */,
			);
			defaultConfigurationIsVisible = 0;
			defaultConfigurationName = Release;
		};
		A0A267E62CA8898C00FCC7DE /* Build configuration list for PBXNativeTarget "AidAlertTests" */ = {
			isa = XCConfigurationList;
			buildConfigurations = (
				A0A267E72CA8898C00FCC7DE /* Debug */,
				A0A267E82CA8898C00FCC7DE /* Release */,
			);
			defaultConfigurationIsVisible = 0;
			defaultConfigurationName = Release;
		};
		A0A267E92CA8898C00FCC7DE /* Build configuration list for PBXNativeTarget "AidAlertUITests" */ = {
			isa = XCConfigurationList;
			buildConfigurations = (
				A0A267EA2CA8898C00FCC7DE /* Debug */,
				A0A267EB2CA8898C00FCC7DE /* Release */,
			);
			defaultConfigurationIsVisible = 0;
			defaultConfigurationName = Release;
		};
/* End XCConfigurationList section */
	};
	rootObject = A0A267B72CA8898A00FCC7DE /* Project object */;
}
